<?xml version="1.0" encoding="utf-8"?>
<Project ToolsVersion="4.0" xmlns="http://schemas.microsoft.com/developer/msbuild/2003">
  <ItemGroup>
    <ClCompile Include="src\ofApp.cpp">
      <Filter>src</Filter>
    </ClCompile>
    <ClCompile Include="src\main.cpp">
      <Filter>src</Filter>
    </ClCompile>
    <ClCompile Include="src\GameObjects\Boid.cpp">
      <Filter>GameObjects</Filter>
    </ClCompile>
    <ClCompile Include="src\GameObjects\Crumb.cpp">
      <Filter>GameObjects</Filter>
    </ClCompile>
    <ClCompile Include="src\MovementAlgorithms\MovementAlgorithms.cpp">
      <Filter>MovementAlgorithms</Filter>
    </ClCompile>
    <ClCompile Include="src\Pathfinding\PathfindingAlgorithms.cpp">
      <Filter>Pathfinding</Filter>
    </ClCompile>
    <ClCompile Include="src\Pathfinding\ConnectionGraph.cpp">
      <Filter>Pathfinding</Filter>
    </ClCompile>
    <ClCompile Include="src\DecisionMaking\Actions\Action.cpp">
      <Filter>DecisionMaking\Actions</Filter>
    </ClCompile>
    <ClCompile Include="src\DecisionMaking\Actions\ActionCombination.cpp">
      <Filter>DecisionMaking\Actions</Filter>
    </ClCompile>
    <ClCompile Include="src\DecisionMaking\Actions\ActionManager.cpp">
      <Filter>DecisionMaking\Actions</Filter>
    </ClCompile>
    <ClCompile Include="src\DecisionMaking\Actions\ActionSequence.cpp">
      <Filter>DecisionMaking\Actions</Filter>
    </ClCompile>
    <ClCompile Include="src\DecisionMaking\DecisionTree\DecisionTree.cpp">
      <Filter>DecisionMaking\DecisionTrees</Filter>
    </ClCompile>
    <ClCompile Include="src\DecisionMaking\DecisionTree\DecisionTreeAction.cpp">
      <Filter>DecisionMaking\DecisionTrees</Filter>
    </ClCompile>
    <ClCompile Include="src\DecisionMaking\DecisionTree\DecisionTreeDecision.cpp">
      <Filter>DecisionMaking\DecisionTrees</Filter>
    </ClCompile>
    <ClCompile Include="src\DecisionMaking\DecisionTree\DecisionTreeNode.cpp">
      <Filter>DecisionMaking\DecisionTrees</Filter>
    </ClCompile>
    <ClCompile Include="src\DecisionMaking\GOAP\GOAP.cpp">
      <Filter>DecisionMaking\GOAP</Filter>
    </ClCompile>
    <ClCompile Include="src\DecisionMaking\GOAP\Task.cpp">
      <Filter>DecisionMaking\GOAP</Filter>
    </ClCompile>
    <ClCompile Include="src\DecisionMaking\BehaviorTree\BehaviorTree.cpp">
      <Filter>DecisionMaking\BehaviorTrees</Filter>
    </ClCompile>
    <ClCompile Include="src\DecisionMaking\BehaviorTree\BehaviorTreeNode.cpp">
      <Filter>DecisionMaking\BehaviorTrees</Filter>
    </ClCompile>
    <ClCompile Include="src\DecisionMaking\BehaviorTree\BTTick.cpp">
      <Filter>DecisionMaking\BehaviorTrees</Filter>
    </ClCompile>
    <ClCompile Include="src\DecisionMaking\BehaviorTree\Selector.cpp">
      <Filter>DecisionMaking\BehaviorTrees</Filter>
    </ClCompile>
    <ClCompile Include="src\DecisionMaking\BehaviorTree\Decorator.cpp">
      <Filter>DecisionMaking\BehaviorTrees</Filter>
    </ClCompile>
    <ClCompile Include="src\DecisionMaking\BehaviorTree\NonDeterministicSequence.cpp">
      <Filter>DecisionMaking\BehaviorTrees</Filter>
    </ClCompile>
    <ClCompile Include="src\DecisionMaking\BehaviorTree\Sequencer.cpp">
      <Filter>DecisionMaking\BehaviorTrees</Filter>
    </ClCompile>
    <ClCompile Include="TestDTActionNode.cpp" />
    <ClCompile Include="TestDTConditionNode.cpp" />
    <ClCompile Include="TestAction.cpp" />
    <ClCompile Include="src\DecisionMaking\BehaviorTree\UntilFail.cpp">
      <Filter>DecisionMaking\BehaviorTrees</Filter>
    </ClCompile>
    <ClCompile Include="src\DecisionMaking\BehaviorTree\Limit.cpp">
      <Filter>DecisionMaking\BehaviorTrees</Filter>
    </ClCompile>
    <ClCompile Include="TestBTNode.cpp" />
    <ClCompile Include="src\DecisionMaking\BehaviorTree\IsMyFlagSafeCondition.cpp">
      <Filter>DecisionMaking\BehaviorTrees\BTActionsAndConditions</Filter>
    </ClCompile>
    <ClCompile Include="src\DecisionMaking\BehaviorTree\AttackActionLeft.cpp">
      <Filter>DecisionMaking\BehaviorTrees\BTActionsAndConditions</Filter>
    </ClCompile>
    <ClCompile Include="src\DecisionMaking\BehaviorTree\AttackActionRight.cpp">
      <Filter>DecisionMaking\BehaviorTrees\BTActionsAndConditions</Filter>
    </ClCompile>
    <ClCompile Include="src\DecisionMaking\BehaviorTree\HaveEnemyFlagCondition.cpp">
      <Filter>DecisionMaking\BehaviorTrees\BTActionsAndConditions</Filter>
    </ClCompile>
    <ClCompile Include="src\DecisionMaking\BehaviorTree\MoveToEnemyAction.cpp">
      <Filter>DecisionMaking\BehaviorTrees\BTActionsAndConditions</Filter>
    </ClCompile>
    <ClCompile Include="src\DecisionMaking\BehaviorTree\MoveToEnemyFlagAction.cpp">
      <Filter>DecisionMaking\BehaviorTrees\BTActionsAndConditions</Filter>
    </ClCompile>
    <ClCompile Include="src\DecisionMaking\BehaviorTree\MoveToMyFlagAction.cpp">
      <Filter>DecisionMaking\BehaviorTrees\BTActionsAndConditions</Filter>
    </ClCompile>
  </ItemGroup>
  <ItemGroup>
    <Filter Include="src">
      <UniqueIdentifier>{d8376475-7454-4a24-b08a-aac121d3ad6f}</UniqueIdentifier>
    </Filter>
    <Filter Include="GameObjects">
      <UniqueIdentifier>{9cda19f6-d0ad-4c78-bfdb-fa189be0f044}</UniqueIdentifier>
    </Filter>
    <Filter Include="MovementAlgorithms">
      <UniqueIdentifier>{59b3b737-206e-445f-a313-3c3640bce06b}</UniqueIdentifier>
    </Filter>
    <Filter Include="GameObjects\Physics">
      <UniqueIdentifier>{be1822be-50dd-4654-a1ad-7c8b6acd8159}</UniqueIdentifier>
    </Filter>
    <Filter Include="Pathfinding">
      <UniqueIdentifier>{9a19661f-9297-46b4-a0bd-d07da7846a6f}</UniqueIdentifier>
    </Filter>
    <Filter Include="DecisionMaking">
      <UniqueIdentifier>{b943378e-7452-4e47-b046-e3a99bfbfcde}</UniqueIdentifier>
    </Filter>
    <Filter Include="DecisionMaking\Actions">
      <UniqueIdentifier>{c2c62dc5-0667-495c-af59-18f222cf408d}</UniqueIdentifier>
    </Filter>
    <Filter Include="DecisionMaking\GOAP">
      <UniqueIdentifier>{1d2962db-b728-4534-837d-73da9969102d}</UniqueIdentifier>
    </Filter>
    <Filter Include="DecisionMaking\DecisionTrees">
      <UniqueIdentifier>{274983cb-2f3c-41c1-9072-a3aec7945bdc}</UniqueIdentifier>
    </Filter>
    <Filter Include="DecisionMaking\BehaviorTrees">
      <UniqueIdentifier>{b4bd22b5-31bc-479d-9fef-949b3b9203c6}</UniqueIdentifier>
    </Filter>
    <Filter Include="DecisionMaking\BehaviorTrees\BTActionsAndConditions">
      <UniqueIdentifier>{7a64ddda-f959-427d-95fd-01d3d39b2788}</UniqueIdentifier>
    </Filter>
  </ItemGroup>
  <ItemGroup>
    <ClInclude Include="src\ofApp.h">
      <Filter>src</Filter>
    </ClInclude>
    <ClInclude Include="src\GameObjects\Boid.h">
      <Filter>GameObjects</Filter>
    </ClInclude>
    <ClInclude Include="src\GameObjects\Crumb.h">
      <Filter>GameObjects</Filter>
    </ClInclude>
    <ClInclude Include="src\GameObjects\Physics\SteeringOutput.h">
      <Filter>GameObjects\Physics</Filter>
    </ClInclude>
    <ClInclude Include="src\GameObjects\Physics\Rigidbody.h">
      <Filter>GameObjects\Physics</Filter>
    </ClInclude>
    <ClInclude Include="src\MovementAlgorithms\MovementAlgorithms.h">
      <Filter>MovementAlgorithms</Filter>
    </ClInclude>
    <ClInclude Include="src\Pathfinding\PathfindingAlgorithms.h">
      <Filter>Pathfinding</Filter>
    </ClInclude>
    <ClInclude Include="src\Pathfinding\ConnectionGraph.h">
      <Filter>Pathfinding</Filter>
    </ClInclude>
    <ClInclude Include="src\DecisionMaking\Actions\Action.h">
      <Filter>DecisionMaking\Actions</Filter>
    </ClInclude>
    <ClInclude Include="src\DecisionMaking\Actions\ActionCombination.h">
      <Filter>DecisionMaking\Actions</Filter>
    </ClInclude>
    <ClInclude Include="src\DecisionMaking\Actions\ActionManager.h">
      <Filter>DecisionMaking\Actions</Filter>
    </ClInclude>
    <ClInclude Include="src\DecisionMaking\Actions\ActionSequence.h">
      <Filter>DecisionMaking\Actions</Filter>
    </ClInclude>
    <ClInclude Include="src\DecisionMaking\DecisionTree\DecisionTree.h">
      <Filter>DecisionMaking\DecisionTrees</Filter>
    </ClInclude>
    <ClInclude Include="src\DecisionMaking\DecisionTree\DecisionTreeAction.h">
      <Filter>DecisionMaking\DecisionTrees</Filter>
    </ClInclude>
    <ClInclude Include="src\DecisionMaking\DecisionTree\DecisionTreeDecision.h">
      <Filter>DecisionMaking\DecisionTrees</Filter>
    </ClInclude>
    <ClInclude Include="src\DecisionMaking\DecisionTree\DecisionTreeNode.h">
      <Filter>DecisionMaking\DecisionTrees</Filter>
    </ClInclude>
    <ClInclude Include="src\DecisionMaking\GOAP\GOAP.h">
      <Filter>DecisionMaking\GOAP</Filter>
    </ClInclude>
    <ClInclude Include="src\DecisionMaking\GOAP\Task.h">
      <Filter>DecisionMaking\GOAP</Filter>
    </ClInclude>
    <ClInclude Include="src\DecisionMaking\BehaviorTree\BehaviorTree.h">
      <Filter>DecisionMaking\BehaviorTrees</Filter>
    </ClInclude>
    <ClInclude Include="src\DecisionMaking\BehaviorTree\BehaviorTreeNode.h">
      <Filter>DecisionMaking\BehaviorTrees</Filter>
    </ClInclude>
    <ClInclude Include="src\DecisionMaking\BehaviorTree\BTTick.h">
      <Filter>DecisionMaking\BehaviorTrees</Filter>
    </ClInclude>
    <ClInclude Include="src\DecisionMaking\BehaviorTree\Selector.h">
      <Filter>DecisionMaking\BehaviorTrees</Filter>
    </ClInclude>
    <ClInclude Include="src\DecisionMaking\BehaviorTree\Decorator.h">
      <Filter>DecisionMaking\BehaviorTrees</Filter>
    </ClInclude>
    <ClInclude Include="src\DecisionMaking\BehaviorTree\NonDeterministicSequence.h">
      <Filter>DecisionMaking\BehaviorTrees</Filter>
    </ClInclude>
    <ClInclude Include="src\DecisionMaking\BehaviorTree\Sequencer.h">
      <Filter>DecisionMaking\BehaviorTrees</Filter>
    </ClInclude>
    <ClInclude Include="TestDTActionNode.h" />
    <ClInclude Include="TestDTConditionNode.h" />
    <ClInclude Include="TestAction.h" />
    <ClInclude Include="src\DecisionMaking\BehaviorTree\UntilFail.h">
      <Filter>DecisionMaking\BehaviorTrees</Filter>
    </ClInclude>
    <ClInclude Include="src\DecisionMaking\BehaviorTree\Limit.h">
      <Filter>DecisionMaking\BehaviorTrees</Filter>
    </ClInclude>
    <ClInclude Include="TestBTNode.h" />
    <ClInclude Include="src\DecisionMaking\BehaviorTree\IsMyFlagSafeCondition.h">
      <Filter>DecisionMaking\BehaviorTrees\BTActionsAndConditions</Filter>
    </ClInclude>
    <ClInclude Include="src\DecisionMaking\BehaviorTree\AttackActionLeft.h">
      <Filter>DecisionMaking\BehaviorTrees\BTActionsAndConditions</Filter>
    </ClInclude>
    <ClInclude Include="src\DecisionMaking\BehaviorTree\AttackActionRight.h">
      <Filter>DecisionMaking\BehaviorTrees\BTActionsAndConditions</Filter>
    </ClInclude>
    <ClInclude Include="src\DecisionMaking\BehaviorTree\HaveEnemyFlagCondition.h">
      <Filter>DecisionMaking\BehaviorTrees\BTActionsAndConditions</Filter>
    </ClInclude>
    <ClInclude Include="src\DecisionMaking\BehaviorTree\MoveToEnemyAction.h">
      <Filter>DecisionMaking\BehaviorTrees\BTActionsAndConditions</Filter>
    </ClInclude>
    <ClInclude Include="src\DecisionMaking\BehaviorTree\MoveToEnemyFlagAction.h">
      <Filter>DecisionMaking\BehaviorTrees\BTActionsAndConditions</Filter>
    </ClInclude>
    <ClInclude Include="src\DecisionMaking\BehaviorTree\MoveToMyFlagAction.h">
      <Filter>DecisionMaking\BehaviorTrees\BTActionsAndConditions</Filter>
    </ClInclude>
  </ItemGroup>
  <ItemGroup>
    <ResourceCompile Include="icon.rc" />
  </ItemGroup>
</Project>